
Microsoft Visual Studio Solution File, Format Version 12.00
# Visual Studio 15
VisualStudioVersion = 15.0.27004.2009
MinimumVisualStudioVersion = 10.0.40219.1
Project("{FAE04EC0-301F-11D3-BF4B-00C04F79EFBC}") = "NursanModel", "NursanModel\NursanModel.csproj", "{30BA6DB1-CA13-4E90-9426-C2724F32A437}"
EndProject
Project("{FAE04EC0-301F-11D3-BF4B-00C04F79EFBC}") = "NursanDataLayer", "NursanDataLayer\NursanDataLayer.csproj", "{877156CE-5F85-43E6-8143-A73FC4F0B901}"
EndProject
Project("{FAE04EC0-301F-11D3-BF4B-00C04F79EFBC}") = "NursanWinFormUI", "NursanWinFormUI\NursanWinFormUI.csproj", "{C04952BC-743E-41D3-8D8C-9967471D04D3}"
EndProject
Project("{FAE04EC0-301F-11D3-BF4B-00C04F79EFBC}") = "DXNursanKontrolV2", "..\..\..\..\Desktop\DX\DXNursanKontrolV2\DXNursanKontrolV2.csproj", "{1B60DE66-43C5-46E4-925C-BD59D2201B7B}"
EndProject
Global
	GlobalSection(SolutionConfigurationPlatforms) = preSolution
		Debug|Any CPU = Debug|Any CPU
		Release|Any CPU = Release|Any CPU
	EndGlobalSection
	GlobalSection(ProjectConfigurationPlatforms) = postSolution
		{30BA6DB1-CA13-4E90-9426-C2724F32A437}.Debug|Any CPU.ActiveCfg = Debug|Any CPU
		{30BA6DB1-CA13-4E90-9426-C2724F32A437}.Debug|Any CPU.Build.0 = Debug|Any CPU
		{30BA6DB1-CA13-4E90-9426-C2724F32A437}.Release|Any CPU.ActiveCfg = Release|Any CPU
		{30BA6DB1-CA13-4E90-9426-C2724F32A437}.Release|Any CPU.Build.0 = Release|Any CPU
		{877156CE-5F85-43E6-8143-A73FC4F0B901}.Debug|Any CPU.ActiveCfg = Debug|Any CPU
		{877156CE-5F85-43E6-8143-A73FC4F0B901}.Debug|Any CPU.Build.0 = Debug|Any CPU
		{877156CE-5F85-43E6-8143-A73FC4F0B901}.Release|Any CPU.ActiveCfg = Release|Any CPU
		{877156CE-5F85-43E6-8143-A73FC4F0B901}.Release|Any CPU.Build.0 = Release|Any CPU
		{C04952BC-743E-41D3-8D8C-9967471D04D3}.Debug|Any CPU.ActiveCfg = Debug|Any CPU
		{C04952BC-743E-41D3-8D8C-9967471D04D3}.Debug|Any CPU.Build.0 = Debug|Any CPU
		{C04952BC-743E-41D3-8D8C-9967471D04D3}.Release|Any CPU.ActiveCfg = Release|Any CPU
		{C04952BC-743E-41D3-8D8C-9967471D04D3}.Release|Any CPU.Build.0 = Release|Any CPU
		{1B60DE66-43C5-46E4-925C-BD59D2201B7B}.Debug|Any CPU.ActiveCfg = Debug|Any CPU
		{1B60DE66-43C5-46E4-925C-BD59D2201B7B}.Debug|Any CPU.Build.0 = Debug|Any CPU
		{1B60DE66-43C5-46E4-925C-BD59D2201B7B}.Release|Any CPU.ActiveCfg = Release|Any CPU
		{1B60DE66-43C5-46E4-925C-BD59D2201B7B}.Release|Any CPU.Build.0 = Release|Any CPU
	EndGlobalSection
	GlobalSection(SolutionProperties) = preSolution
		HideSolutionNode = FALSE
	EndGlobalSection
	GlobalSection(ExtensibilityGlobals) = postSolution
		SolutionGuid = {61708A59-C84C-4A42-9759-237AFE0B08F5}
	EndGlobalSection
EndGlobal
